
Microsoft Visual Studio Solution File, Format Version 12.00
# Visual Studio Version 17
VisualStudioVersion = 17.4.33122.133
MinimumVisualStudioVersion = 10.0.40219.1
Project("{FAE04EC0-301F-11D3-BF4B-00C04F79EFBC}") = "UserAuthentication", "UserAuthentication.csproj", "{66118397-2AE3-43F1-9D5A-79B28EEB3C4E}"
EndProject
Global
	GlobalSection(SolutionConfigurationPlatforms) = preSolution
		Debug|Any CPU = Debug|Any CPU
		Release|Any CPU = Release|Any CPU
	EndGlobalSection
	GlobalSection(ProjectConfigurationPlatforms) = postSolution
		{66118397-2AE3-43F1-9D5A-79B28EEB3C4E}.Debug|Any CPU.ActiveCfg = Debug|Any CPU
		{66118397-2AE3-43F1-9D5A-79B28EEB3C4E}.Debug|Any CPU.Build.0 = Debug|Any CPU
		{66118397-2AE3-43F1-9D5A-79B28EEB3C4E}.Release|Any CPU.ActiveCfg = Release|Any CPU
		{66118397-2AE3-43F1-9D5A-79B28EEB3C4E}.Release|Any CPU.Build.0 = Release|Any CPU
	EndGlobalSection
	GlobalSection(SolutionProperties) = preSolution
		HideSolutionNode = FALSE
	EndGlobalSection
	GlobalSection(ExtensibilityGlobals) = postSolution
		SolutionGuid = {0356398C-FF23-4F33-A03C-63A98A1AC456}
	EndGlobalSection
EndGlobal
